{
  "name": "the-ledger",
  "version": "1.0.0",
  "lockfileVersion": 3,
  "requires": true,
  "packages": {
    "": {
      "name": "the-ledger",
      "version": "1.0.0",
      "license": "MIT",
      "dependencies": {
        "smoke-drift": "github:cpyle0819/smoke-drift"
      }
    },
    "node_modules/smoke-drift": {
      "version": "1.0.0",
      "resolved": "git+ssh://git@github.com/cpyle0819/smoke-drift.git#cf1a2c7f0d403a3d5d2d993d0c520ae80151633e",
      "license": "MIT"
    }
  }
}
